<Solution>
  <Folder Name="/BuildingBlocks/">
    <Project Path="BuildingBlocks/BuldingBlocks/BuldingBlocks.csproj" Id="51720923-0075-4ef3-8844-ef4428eefb7e" />
  </Folder>
  <Folder Name="/Services/" />
  <Folder Name="/Services/Basket/">
    <Project Path="Services/Basket/Basket.API/Basket.API.csproj" Id="264342ab-1a2a-459c-b584-f4c6a1d751c2" />
  </Folder>
  <Folder Name="/Services/Catalog/">
    <Project Path="Services/Catalog/Catalog.API/Catalog.API.csproj" Id="2c17def8-88a1-43f2-974c-7bea7b5e70de" />
  </Folder>
  <Folder Name="/Services/Discount/">
    <Project Path="Services/Discount/Discount.Grpc/Discount.Grpc.csproj" Id="1a35e81e-fd9a-44ea-9ea5-ba80b667ac39" />
  </Folder>
  <Folder Name="/Services/Ordering/">
    <Project Path="Services/Ordering/Ordering.API/Ordering.API.csproj" Id="3077588d-0a4b-4063-b0c3-3c9433049f02" />
    <Project Path="Services/Ordering/Ordering.Application/Ordering.Application.csproj" Id="a36c585a-c1b1-43d2-8416-d41aed73d083" />
    <Project Path="Services/Ordering/Ordering.domain/Ordering.domain.csproj" Id="d7fbcf48-a692-48c5-bafe-8ca6b9bc707e" />
    <Project Path="Services/Ordering/Ordering.Infrastructure/Ordering.Infrastructure.csproj" Id="efc7fd8f-57ff-4fea-8484-28d9c0a7894b" />
  </Folder>
  <Project Path="docker-compose.dcproj">
    <Build />
  </Project>
</Solution>
